
Microsoft Visual Studio Solution File, Format Version 12.00
# Visual Studio 14
VisualStudioVersion = 14.0.25420.1
MinimumVisualStudioVersion = 10.0.40219.1
Project("{2150E333-8FDC-42A3-9474-1A3956D46DE8}") = "src", "src", "{DFFE2C22-1B9A-4628-9ABF-30E4D59A90C9}"
EndProject
Project("{2150E333-8FDC-42A3-9474-1A3956D46DE8}") = "Solution Items", "Solution Items", "{C703F32D-FBFD-4E44-90A9-083602D839ED}"
	ProjectSection(SolutionItems) = preProject
		global.json = global.json
	EndProjectSection
EndProject
Project("{8BB2217D-0F2D-49D1-97BC-3654ED321F3B}") = "TheBook", "src\TheBook\TheBook.xproj", "{1C54205E-AE73-4A0B-B79B-F545EBC19863}"
EndProject
Global
	GlobalSection(SolutionConfigurationPlatforms) = preSolution
		Debug|Any CPU = Debug|Any CPU
		Release|Any CPU = Release|Any CPU
	EndGlobalSection
	GlobalSection(ProjectConfigurationPlatforms) = postSolution
		{1C54205E-AE73-4A0B-B79B-F545EBC19863}.Debug|Any CPU.ActiveCfg = Debug|Any CPU
		{1C54205E-AE73-4A0B-B79B-F545EBC19863}.Debug|Any CPU.Build.0 = Debug|Any CPU
		{1C54205E-AE73-4A0B-B79B-F545EBC19863}.Release|Any CPU.ActiveCfg = Release|Any CPU
		{1C54205E-AE73-4A0B-B79B-F545EBC19863}.Release|Any CPU.Build.0 = Release|Any CPU
	EndGlobalSection
	GlobalSection(SolutionProperties) = preSolution
		HideSolutionNode = FALSE
	EndGlobalSection
	GlobalSection(NestedProjects) = preSolution
		{1C54205E-AE73-4A0B-B79B-F545EBC19863} = {DFFE2C22-1B9A-4628-9ABF-30E4D59A90C9}
	EndGlobalSection
EndGlobal
